
Microsoft Visual Studio Solution File, Format Version 12.00
# Visual Studio Version 16
VisualStudioVersion = 16.0.29728.190
MinimumVisualStudioVersion = 10.0.40219.1
Project("{FAE04EC0-301F-11D3-BF4B-00C04F79EFBC}") = "csv tester", "csv tester\csv tester.csproj", "{9F76B68B-20DC-4910-8801-16DEB8891A88}"
EndProject
Global
	GlobalSection(SolutionConfigurationPlatforms) = preSolution
		Debug|Any CPU = Debug|Any CPU
		Release|Any CPU = Release|Any CPU
	EndGlobalSection
	GlobalSection(ProjectConfigurationPlatforms) = postSolution
		{9F76B68B-20DC-4910-8801-16DEB8891A88}.Debug|Any CPU.ActiveCfg = Debug|Any CPU
		{9F76B68B-20DC-4910-8801-16DEB8891A88}.Debug|Any CPU.Build.0 = Debug|Any CPU
		{9F76B68B-20DC-4910-8801-16DEB8891A88}.Release|Any CPU.ActiveCfg = Release|Any CPU
		{9F76B68B-20DC-4910-8801-16DEB8891A88}.Release|Any CPU.Build.0 = Release|Any CPU
	EndGlobalSection
	GlobalSection(SolutionProperties) = preSolution
		HideSolutionNode = FALSE
	EndGlobalSection
	GlobalSection(ExtensibilityGlobals) = postSolution
		SolutionGuid = {01367D46-700A-4AF0-8855-C9D8A94EA0CD}
	EndGlobalSection
EndGlobal
